
Microsoft Visual Studio Solution File, Format Version 12.00
# Visual Studio 15
VisualStudioVersion = 15.0.27130.2027
MinimumVisualStudioVersion = 10.0.40219.1
Project("{9A19103F-16F7-4668-BE54-9A1E7A4F7556}") = "RazorPagesMovie", "RazorPagesMovie.csproj", "{7114EA57-E0D7-46C9-A784-DBD12D9C2724}"
EndProject
Global
	GlobalSection(SolutionConfigurationPlatforms) = preSolution
		Debug|Any CPU = Debug|Any CPU
		Release|Any CPU = Release|Any CPU
	EndGlobalSection
	GlobalSection(ProjectConfigurationPlatforms) = postSolution
		{7114EA57-E0D7-46C9-A784-DBD12D9C2724}.Debug|Any CPU.ActiveCfg = Debug|Any CPU
		{7114EA57-E0D7-46C9-A784-DBD12D9C2724}.Debug|Any CPU.Build.0 = Debug|Any CPU
		{7114EA57-E0D7-46C9-A784-DBD12D9C2724}.Release|Any CPU.ActiveCfg = Release|Any CPU
		{7114EA57-E0D7-46C9-A784-DBD12D9C2724}.Release|Any CPU.Build.0 = Release|Any CPU
	EndGlobalSection
	GlobalSection(SolutionProperties) = preSolution
		HideSolutionNode = FALSE
	EndGlobalSection
	GlobalSection(ExtensibilityGlobals) = postSolution
		SolutionGuid = {6C501A2A-0FC3-4A86-A14E-43C96E4E652C}
	EndGlobalSection
EndGlobal
